
Microsoft Visual Studio Solution File, Format Version 12.00
# Visual Studio Version 16
VisualStudioVersion = 16.0.32901.82
MinimumVisualStudioVersion = 10.0.40219.1
Project("{8BC9CEB8-8B4A-11D0-8D11-00A0C91BC942}") = "SFML Practice", "SFML Practice.vcxproj", "{398BF5EC-3D15-4C9F-B571-7D880109A5DC}"
EndProject
Global
	GlobalSection(SolutionConfigurationPlatforms) = preSolution
		Debug|x64 = Debug|x64
		Debug|x86 = Debug|x86
		Release|x64 = Release|x64
		Release|x86 = Release|x86
	EndGlobalSection
	GlobalSection(ProjectConfigurationPlatforms) = postSolution
		{398BF5EC-3D15-4C9F-B571-7D880109A5DC}.Debug|x64.ActiveCfg = Debug|x64
		{398BF5EC-3D15-4C9F-B571-7D880109A5DC}.Debug|x64.Build.0 = Debug|x64
		{398BF5EC-3D15-4C9F-B571-7D880109A5DC}.Debug|x86.ActiveCfg = Debug|Win32
		{398BF5EC-3D15-4C9F-B571-7D880109A5DC}.Debug|x86.Build.0 = Debug|Win32
		{398BF5EC-3D15-4C9F-B571-7D880109A5DC}.Release|x64.ActiveCfg = Release|x64
		{398BF5EC-3D15-4C9F-B571-7D880109A5DC}.Release|x64.Build.0 = Release|x64
		{398BF5EC-3D15-4C9F-B571-7D880109A5DC}.Release|x86.ActiveCfg = Release|Win32
		{398BF5EC-3D15-4C9F-B571-7D880109A5DC}.Release|x86.Build.0 = Release|Win32
	EndGlobalSection
	GlobalSection(SolutionProperties) = preSolution
		HideSolutionNode = FALSE
	EndGlobalSection
	GlobalSection(ExtensibilityGlobals) = postSolution
		SolutionGuid = {E84C6CB9-F017-4EE1-8BA9-C9C41A644CE3}
	EndGlobalSection
EndGlobal
